github.com/ajaycloud9/master-python/programing_interview/go/cryptic v0.0.0-20240816180953-ef451345dd89 h1:tI+P9jYjYF3O+w2KH/t2XcahkkCRLYy8k5PlNDbSbOw=
github.com/ajaycloud9/master-python/programing_interview/go/cryptic v0.0.0-20240816180953-ef451345dd89/go.mod h1:yi8+IyAaO4HTdyIZpXG8TiTfsusQAK4VO0ZGAeIDfQY=
github.com/google/uuid v1.0.0 h1:b4Gk+7WdP/d3HZH8EJsZpvV7EtDOgaZLtnaNGIu1adA=
github.com/google/uuid v1.0.0/go.mod h1:TIyPZe4MgqvfeYDBFedMoGGpEw/LqOeaOT+nhxU+yHo=
github.com/pborman/uuid v1.2.1 h1:+ZZIw58t/ozdjRaXh/3awHfmWRbzYxJoAdNJxe/3pvw=
github.com/pborman/uuid v1.2.1/go.mod h1:X/NO0urCmaxf9VXbdlT7C2Yzkj2IKimNn4k+gtPdI/k=
